{
  "name": "l2js-client",
  "version": "0.0.1",
  "lockfileVersion": 1,
  "requires": true,
  "dependencies": {
    "@types/node": {
      "version": "13.13.2",
      "resolved": "https://registry.npmjs.org/@types/node/-/node-13.13.2.tgz",
      "integrity": "sha512-LB2R1Oyhpg8gu4SON/mfforE525+Hi/M1ineICEDftqNVTyFg1aRIeGuTvXAoWHc4nbrFncWtJgMmoyRvuGh7A==",
      "dev": true
    },
    "@types/node-rsa": {
      "version": "1.0.0",
      "resolved": "https://registry.npmjs.org/@types/node-rsa/-/node-rsa-1.0.0.tgz",
      "integrity": "sha512-9hTSXhGDKotpq5XCm+r7wMgt5gl6bGH6VS/sV9bsKda4JmJYyOCdTenSkTUh7zsOihm2oCm5o2ZdfpUIGYKLzQ==",
      "dev": true,
      "requires": {
        "@types/node": "*"
      }
    },
    "asn1": {
      "version": "0.2.4",
      "resolved": "https://registry.npmjs.org/asn1/-/asn1-0.2.4.tgz",
      "integrity": "sha512-jxwzQpLQjSmWXgwaCZE9Nz+glAG01yF1QnWgbhGwHI5A6FRIEY6IVqtHhIepHqI7/kyEyQEagBC5mBEFlIYvdg==",
      "requires": {
        "safer-buffer": "~2.1.0"
      }
    },
    "node-rsa": {
      "version": "1.0.8",
      "resolved": "https://registry.npmjs.org/node-rsa/-/node-rsa-1.0.8.tgz",
      "integrity": "sha512-q8knkMHEqViIX/fshOltCHTtlt4Nw5wpBpu0//LB1tkxqYZB/001dYMwbPvTPiENwKvPqVDkhxK6J4fV09oa7w==",
      "requires": {
        "asn1": "^0.2.4"
      }
    },
    "safer-buffer": {
      "version": "2.1.2",
      "resolved": "https://registry.npmjs.org/safer-buffer/-/safer-buffer-2.1.2.tgz",
      "integrity": "sha512-YZo3K82SD7Riyi0E1EQPojLz7kpepnSQI9IyPbHHg1XXXevb5dJI7tpyN2ADxGcQbHG7vcyRHk0cbwqcQriUtg=="
    }
  }
}
