# THIS IS AN AUTOGENERATED FILE. DO NOT EDIT THIS FILE DIRECTLY.
# yarn lockfile v1


"@types/node@^13.13.4":
  version "13.13.32"
  resolved "https://registry.yarnpkg.com/@types/node/-/node-13.13.32.tgz#f0edd0fb57b3c9f6e64a0b3ddb1e0f729b6f71ce"
  integrity sha512-sPBvDnrwZE1uePhkCEyI/qQlgZM5kePPAhHIFDWNsOrWBFRBOk3LKJYmVCLeLZlL9Ub/FzMJb31OTWCg2F+06g==

dotenv@^8.2.0:
  version "8.2.0"
  resolved "https://registry.yarnpkg.com/dotenv/-/dotenv-8.2.0.tgz#97e619259ada750eea3e4ea3e26bceea5424b16a"
  integrity sha512-8sJ78ElpbDJBHNeBzUbUVLsqKdccaa/BXF1uPTw3GrvQTBgrQrtObr2mUrE38vzYd8cEv+m/JBfDLioYcfXoaw==

"l2js-client@file:../dist":
  version "0.0.0"
